
Microsoft Visual Studio Solution File, Format Version 12.00
# Visual Studio Version 17
VisualStudioVersion = 17.3.32804.467
MinimumVisualStudioVersion = 10.0.40219.1
Project("{FAE04EC0-301F-11D3-BF4B-00C04F79EFBC}") = "Sum_of_Subarray_Ranges", "Sum_of_Subarray_Ranges\Sum_of_Subarray_Ranges.csproj", "{4B464EE3-3479-492C-890B-E997BAEB2216}"
EndProject
Global
	GlobalSection(SolutionConfigurationPlatforms) = preSolution
		Debug|Any CPU = Debug|Any CPU
		Release|Any CPU = Release|Any CPU
	EndGlobalSection
	GlobalSection(ProjectConfigurationPlatforms) = postSolution
		{4B464EE3-3479-492C-890B-E997BAEB2216}.Debug|Any CPU.ActiveCfg = Debug|Any CPU
		{4B464EE3-3479-492C-890B-E997BAEB2216}.Debug|Any CPU.Build.0 = Debug|Any CPU
		{4B464EE3-3479-492C-890B-E997BAEB2216}.Release|Any CPU.ActiveCfg = Release|Any CPU
		{4B464EE3-3479-492C-890B-E997BAEB2216}.Release|Any CPU.Build.0 = Release|Any CPU
	EndGlobalSection
	GlobalSection(SolutionProperties) = preSolution
		HideSolutionNode = FALSE
	EndGlobalSection
	GlobalSection(ExtensibilityGlobals) = postSolution
		SolutionGuid = {1B99E58F-EFC8-477A-A976-F9FE67FC9580}
	EndGlobalSection
EndGlobal
