
Microsoft Visual Studio Solution File, Format Version 12.00
# Visual Studio Version 17
VisualStudioVersion = 17.1.32407.343
MinimumVisualStudioVersion = 10.0.40219.1
Project("{FAE04EC0-301F-11D3-BF4B-00C04F79EFBC}") = "MaximumDepthBinaryTree", "MaximumDepthBinaryTree\MaximumDepthBinaryTree.csproj", "{C7095455-BBCD-415B-8B99-0B72BC5CEBE1}"
EndProject
Global
	GlobalSection(SolutionConfigurationPlatforms) = preSolution
		Debug|Any CPU = Debug|Any CPU
		Release|Any CPU = Release|Any CPU
	EndGlobalSection
	GlobalSection(ProjectConfigurationPlatforms) = postSolution
		{C7095455-BBCD-415B-8B99-0B72BC5CEBE1}.Debug|Any CPU.ActiveCfg = Debug|Any CPU
		{C7095455-BBCD-415B-8B99-0B72BC5CEBE1}.Debug|Any CPU.Build.0 = Debug|Any CPU
		{C7095455-BBCD-415B-8B99-0B72BC5CEBE1}.Release|Any CPU.ActiveCfg = Release|Any CPU
		{C7095455-BBCD-415B-8B99-0B72BC5CEBE1}.Release|Any CPU.Build.0 = Release|Any CPU
	EndGlobalSection
	GlobalSection(SolutionProperties) = preSolution
		HideSolutionNode = FALSE
	EndGlobalSection
	GlobalSection(ExtensibilityGlobals) = postSolution
		SolutionGuid = {DAFDF078-020A-4B52-B67A-6C888D59E685}
	EndGlobalSection
EndGlobal
