
Microsoft Visual Studio Solution File, Format Version 12.00
# Visual Studio Version 17
VisualStudioVersion = 17.3.32804.467
MinimumVisualStudioVersion = 10.0.40219.1
Project("{FAE04EC0-301F-11D3-BF4B-00C04F79EFBC}") = "Maximum_Length_of_Subarray_With_Positive_Product", "Maximum_Length_of_Subarray_With_Positive_Product\Maximum_Length_of_Subarray_With_Positive_Product.csproj", "{EE1076BF-A3B9-4764-B23A-F43951CEE36D}"
EndProject
Global
	GlobalSection(SolutionConfigurationPlatforms) = preSolution
		Debug|Any CPU = Debug|Any CPU
		Release|Any CPU = Release|Any CPU
	EndGlobalSection
	GlobalSection(ProjectConfigurationPlatforms) = postSolution
		{EE1076BF-A3B9-4764-B23A-F43951CEE36D}.Debug|Any CPU.ActiveCfg = Debug|Any CPU
		{EE1076BF-A3B9-4764-B23A-F43951CEE36D}.Debug|Any CPU.Build.0 = Debug|Any CPU
		{EE1076BF-A3B9-4764-B23A-F43951CEE36D}.Release|Any CPU.ActiveCfg = Release|Any CPU
		{EE1076BF-A3B9-4764-B23A-F43951CEE36D}.Release|Any CPU.Build.0 = Release|Any CPU
	EndGlobalSection
	GlobalSection(SolutionProperties) = preSolution
		HideSolutionNode = FALSE
	EndGlobalSection
	GlobalSection(ExtensibilityGlobals) = postSolution
		SolutionGuid = {EF3C0836-3D80-4ABF-B1BA-B7BBF5A929E0}
	EndGlobalSection
EndGlobal
