
Microsoft Visual Studio Solution File, Format Version 12.00
# Visual Studio Version 17
VisualStudioVersion = 17.3.32804.467
MinimumVisualStudioVersion = 10.0.40219.1
Project("{FAE04EC0-301F-11D3-BF4B-00C04F79EFBC}") = "Reorder_Data_in_Log_Files", "Reorder_Data_in_Log_Files\Reorder_Data_in_Log_Files.csproj", "{BB34C642-BD84-4CDC-BF39-26D92F498FBB}"
EndProject
Global
	GlobalSection(SolutionConfigurationPlatforms) = preSolution
		Debug|Any CPU = Debug|Any CPU
		Release|Any CPU = Release|Any CPU
	EndGlobalSection
	GlobalSection(ProjectConfigurationPlatforms) = postSolution
		{BB34C642-BD84-4CDC-BF39-26D92F498FBB}.Debug|Any CPU.ActiveCfg = Debug|Any CPU
		{BB34C642-BD84-4CDC-BF39-26D92F498FBB}.Debug|Any CPU.Build.0 = Debug|Any CPU
		{BB34C642-BD84-4CDC-BF39-26D92F498FBB}.Release|Any CPU.ActiveCfg = Release|Any CPU
		{BB34C642-BD84-4CDC-BF39-26D92F498FBB}.Release|Any CPU.Build.0 = Release|Any CPU
	EndGlobalSection
	GlobalSection(SolutionProperties) = preSolution
		HideSolutionNode = FALSE
	EndGlobalSection
	GlobalSection(ExtensibilityGlobals) = postSolution
		SolutionGuid = {59CAEBB8-5C3C-490A-8699-7A8E16C31C98}
	EndGlobalSection
EndGlobal
