
Microsoft Visual Studio Solution File, Format Version 12.00
# Visual Studio Version 16
VisualStudioVersion = 25.0.1703.0
MinimumVisualStudioVersion = 10.0.40219.1
Project("{FAE04EC0-301F-11D3-BF4B-00C04F79EFBC}") = "Maximum_Units_on_a_Truck", "Maximum_Units_on_a_Truck\Maximum_Units_on_a_Truck.csproj", "{FAA417B1-06DD-4251-B769-73D02732CCC4}"
EndProject
Global
	GlobalSection(SolutionConfigurationPlatforms) = preSolution
		Debug|Any CPU = Debug|Any CPU
		Release|Any CPU = Release|Any CPU
	EndGlobalSection
	GlobalSection(ProjectConfigurationPlatforms) = postSolution
		{FAA417B1-06DD-4251-B769-73D02732CCC4}.Debug|Any CPU.ActiveCfg = Debug|Any CPU
		{FAA417B1-06DD-4251-B769-73D02732CCC4}.Debug|Any CPU.Build.0 = Debug|Any CPU
		{FAA417B1-06DD-4251-B769-73D02732CCC4}.Release|Any CPU.ActiveCfg = Release|Any CPU
		{FAA417B1-06DD-4251-B769-73D02732CCC4}.Release|Any CPU.Build.0 = Release|Any CPU
	EndGlobalSection
	GlobalSection(SolutionProperties) = preSolution
		HideSolutionNode = FALSE
	EndGlobalSection
	GlobalSection(ExtensibilityGlobals) = postSolution
		SolutionGuid = {08EBBE1E-7327-4BA5-9771-2387079E759F}
	EndGlobalSection
EndGlobal
