
Microsoft Visual Studio Solution File, Format Version 12.00
# Visual Studio Version 17
VisualStudioVersion = 17.2.32526.322
MinimumVisualStudioVersion = 10.0.40219.1
Project("{FAE04EC0-301F-11D3-BF4B-00C04F79EFBC}") = "LinkedList_Singly_1", "LinkedList_Singly_1\LinkedList_Singly_1.csproj", "{36AEE917-E313-4154-84EA-6DA520CE5CBF}"
EndProject
Global
	GlobalSection(SolutionConfigurationPlatforms) = preSolution
		Debug|Any CPU = Debug|Any CPU
		Release|Any CPU = Release|Any CPU
	EndGlobalSection
	GlobalSection(ProjectConfigurationPlatforms) = postSolution
		{36AEE917-E313-4154-84EA-6DA520CE5CBF}.Debug|Any CPU.ActiveCfg = Debug|Any CPU
		{36AEE917-E313-4154-84EA-6DA520CE5CBF}.Debug|Any CPU.Build.0 = Debug|Any CPU
		{36AEE917-E313-4154-84EA-6DA520CE5CBF}.Release|Any CPU.ActiveCfg = Release|Any CPU
		{36AEE917-E313-4154-84EA-6DA520CE5CBF}.Release|Any CPU.Build.0 = Release|Any CPU
	EndGlobalSection
	GlobalSection(SolutionProperties) = preSolution
		HideSolutionNode = FALSE
	EndGlobalSection
	GlobalSection(ExtensibilityGlobals) = postSolution
		SolutionGuid = {5CB49708-2484-4594-82CF-F5642EA84631}
	EndGlobalSection
EndGlobal
